
Microsoft Visual Studio Solution File, Format Version 12.00
Project("{FAE04EC0-301F-11D3-BF4B-00C04F79EFBC}") = "HelloWorld", "HelloWorld\HelloWorld.csproj", "{76EFF74B-2AD0-434E-86D8-4E05ABF21925}"
EndProject
Global
	GlobalSection(SolutionConfigurationPlatforms) = preSolution
		Debug|Any CPU = Debug|Any CPU
		Release|Any CPU = Release|Any CPU
	EndGlobalSection
	GlobalSection(ProjectConfigurationPlatforms) = postSolution
		{76EFF74B-2AD0-434E-86D8-4E05ABF21925}.Debug|Any CPU.ActiveCfg = Debug|Any CPU
		{76EFF74B-2AD0-434E-86D8-4E05ABF21925}.Debug|Any CPU.Build.0 = Debug|Any CPU
		{76EFF74B-2AD0-434E-86D8-4E05ABF21925}.Release|Any CPU.ActiveCfg = Release|Any CPU
		{76EFF74B-2AD0-434E-86D8-4E05ABF21925}.Release|Any CPU.Build.0 = Release|Any CPU
	EndGlobalSection
EndGlobal
