
Microsoft Visual Studio Solution File, Format Version 12.00
Project("{FAE04EC0-301F-11D3-BF4B-00C04F79EFBC}") = "HelloWorld", "HelloWorld\HelloWorld.csproj", "{76EFF74B-2AD0-434E-86D8-4E05ABF21925}"
EndProject
Project("{FAE04EC0-301F-11D3-BF4B-00C04F79EFBC}") = "Variables", "Variables\Variables.csproj", "{AF80B4AC-760B-4728-A74C-BB8E0D7E6288}"
EndProject
Project("{FAE04EC0-301F-11D3-BF4B-00C04F79EFBC}") = "Decisions", "Decisions\Decisions.csproj", "{51262860-D07F-455A-B2F1-BB0A500C8C1C}"
EndProject
Project("{FAE04EC0-301F-11D3-BF4B-00C04F79EFBC}") = "ForIteration", "ForIteration\ForIteration.csproj", "{167DA1DC-5C56-4E91-A749-EC751F75A40E}"
EndProject
Project("{FAE04EC0-301F-11D3-BF4B-00C04F79EFBC}") = "UnderstandingArrays", "UnderstandingArrays\UnderstandingArrays.csproj", "{15150B2B-D1D2-4A50-B736-AAB78CC8030C}"
EndProject
Project("{FAE04EC0-301F-11D3-BF4B-00C04F79EFBC}") = "SimpleMethod", "SimpleMethod\SimpleMethod.csproj", "{84AF24C1-39B4-415E-B439-19E752C53718}"
EndProject
Project("{FAE04EC0-301F-11D3-BF4B-00C04F79EFBC}") = "HelperMethods", "HelperMethods\HelperMethods.csproj", "{EFF40D32-FE9E-4743-9D2C-A230193081FA}"
EndProject
Project("{FAE04EC0-301F-11D3-BF4B-00C04F79EFBC}") = "Magic8Ball", "Magic8Ball\Magic8Ball.csproj", "{71792A06-4D9C-4902-9E43-010E97BCE4F1}"
EndProject
Project("{FAE04EC0-301F-11D3-BF4B-00C04F79EFBC}") = "WhileIteration", "WhileIteration\WhileIteration.csproj", "{DBBF92CD-B7AE-4ED5-9190-B12875089295}"
EndProject
Project("{FAE04EC0-301F-11D3-BF4B-00C04F79EFBC}") = "WorkingWithStrings", "WorkingWithStrings\WorkingWithStrings.csproj", "{50080567-568F-4B51-B069-255B6290B048}"
EndProject
Project("{FAE04EC0-301F-11D3-BF4B-00C04F79EFBC}") = "DatesAndTimes", "DatesAndTimes\DatesAndTimes.csproj", "{FD928247-3E59-46EF-8DA4-6B462ADA3BF2}"
EndProject
Project("{FAE04EC0-301F-11D3-BF4B-00C04F79EFBC}") = "UnderstandingClasses", "UnderstandingClasses\UnderstandingClasses.csproj", "{9DF7BE31-ACEA-4A1D-A12E-63E9E3AAE16B}"
EndProject
Project("{FAE04EC0-301F-11D3-BF4B-00C04F79EFBC}") = "ObjectLifetime", "ObjectLifetime\ObjectLifetime.csproj", "{4858ABFE-F962-4AA8-AC8F-54F913F8CB26}"
EndProject
Project("{FAE04EC0-301F-11D3-BF4B-00C04F79EFBC}") = "UnderstandingScope", "UnderstandingScope\UnderstandingScope.csproj", "{DB5D795A-BA37-421D-859D-D38B904D18D0}"
EndProject
Project("{FAE04EC0-301F-11D3-BF4B-00C04F79EFBC}") = "ReferenceToAssemblies", "ReferenceToAssemblies\ReferenceToAssemblies.csproj", "{3C4240F2-C9E2-4180-9BE0-8F86B8C058FE}"
EndProject
Project("{FAE04EC0-301F-11D3-BF4B-00C04F79EFBC}") = "MyCodeLibrary", "MyCodeLibrary\MyCodeLibrary.csproj", "{703B5FD6-F826-4B23-856B-833E98F03B62}"
EndProject
Project("{FAE04EC0-301F-11D3-BF4B-00C04F79EFBC}") = "MyClient", "MyClient\MyClient.csproj", "{58D15435-F6FF-4C9C-BFEE-59B23159E965}"
EndProject
Project("{FAE04EC0-301F-11D3-BF4B-00C04F79EFBC}") = "WorkingWithCollections", "WorkingWithCollections\WorkingWithCollections.csproj", "{AD11ED6B-D41A-4D1C-9B33-86CF9600668B}"
EndProject
Project("{FAE04EC0-301F-11D3-BF4B-00C04F79EFBC}") = "EnumsAndSwitchStatus", "EnumsAndSwitchStatus\EnumsAndSwitchStatus.csproj", "{88ACB7BE-5464-4EA4-8661-31EC907A351A}"
EndProject
Project("{FAE04EC0-301F-11D3-BF4B-00C04F79EFBC}") = "WorkingWithLINQ", "WorkingWithLINQ\WorkingWithLINQ.csproj", "{7E94FB96-D241-4928-9151-C80407365C37}"
EndProject
Global
	GlobalSection(SolutionConfigurationPlatforms) = preSolution
		Debug|Any CPU = Debug|Any CPU
		Release|Any CPU = Release|Any CPU
	EndGlobalSection
	GlobalSection(ProjectConfigurationPlatforms) = postSolution
		{76EFF74B-2AD0-434E-86D8-4E05ABF21925}.Debug|Any CPU.ActiveCfg = Debug|Any CPU
		{76EFF74B-2AD0-434E-86D8-4E05ABF21925}.Debug|Any CPU.Build.0 = Debug|Any CPU
		{76EFF74B-2AD0-434E-86D8-4E05ABF21925}.Release|Any CPU.ActiveCfg = Release|Any CPU
		{76EFF74B-2AD0-434E-86D8-4E05ABF21925}.Release|Any CPU.Build.0 = Release|Any CPU
		{AF80B4AC-760B-4728-A74C-BB8E0D7E6288}.Debug|Any CPU.ActiveCfg = Debug|Any CPU
		{AF80B4AC-760B-4728-A74C-BB8E0D7E6288}.Debug|Any CPU.Build.0 = Debug|Any CPU
		{AF80B4AC-760B-4728-A74C-BB8E0D7E6288}.Release|Any CPU.ActiveCfg = Release|Any CPU
		{AF80B4AC-760B-4728-A74C-BB8E0D7E6288}.Release|Any CPU.Build.0 = Release|Any CPU
		{51262860-D07F-455A-B2F1-BB0A500C8C1C}.Debug|Any CPU.ActiveCfg = Debug|Any CPU
		{51262860-D07F-455A-B2F1-BB0A500C8C1C}.Debug|Any CPU.Build.0 = Debug|Any CPU
		{51262860-D07F-455A-B2F1-BB0A500C8C1C}.Release|Any CPU.ActiveCfg = Release|Any CPU
		{51262860-D07F-455A-B2F1-BB0A500C8C1C}.Release|Any CPU.Build.0 = Release|Any CPU
		{167DA1DC-5C56-4E91-A749-EC751F75A40E}.Debug|Any CPU.ActiveCfg = Debug|Any CPU
		{167DA1DC-5C56-4E91-A749-EC751F75A40E}.Debug|Any CPU.Build.0 = Debug|Any CPU
		{167DA1DC-5C56-4E91-A749-EC751F75A40E}.Release|Any CPU.ActiveCfg = Release|Any CPU
		{167DA1DC-5C56-4E91-A749-EC751F75A40E}.Release|Any CPU.Build.0 = Release|Any CPU
		{15150B2B-D1D2-4A50-B736-AAB78CC8030C}.Debug|Any CPU.ActiveCfg = Debug|Any CPU
		{15150B2B-D1D2-4A50-B736-AAB78CC8030C}.Debug|Any CPU.Build.0 = Debug|Any CPU
		{15150B2B-D1D2-4A50-B736-AAB78CC8030C}.Release|Any CPU.ActiveCfg = Release|Any CPU
		{15150B2B-D1D2-4A50-B736-AAB78CC8030C}.Release|Any CPU.Build.0 = Release|Any CPU
		{84AF24C1-39B4-415E-B439-19E752C53718}.Debug|Any CPU.ActiveCfg = Debug|Any CPU
		{84AF24C1-39B4-415E-B439-19E752C53718}.Debug|Any CPU.Build.0 = Debug|Any CPU
		{84AF24C1-39B4-415E-B439-19E752C53718}.Release|Any CPU.ActiveCfg = Release|Any CPU
		{84AF24C1-39B4-415E-B439-19E752C53718}.Release|Any CPU.Build.0 = Release|Any CPU
		{EFF40D32-FE9E-4743-9D2C-A230193081FA}.Debug|Any CPU.ActiveCfg = Debug|Any CPU
		{EFF40D32-FE9E-4743-9D2C-A230193081FA}.Debug|Any CPU.Build.0 = Debug|Any CPU
		{EFF40D32-FE9E-4743-9D2C-A230193081FA}.Release|Any CPU.ActiveCfg = Release|Any CPU
		{EFF40D32-FE9E-4743-9D2C-A230193081FA}.Release|Any CPU.Build.0 = Release|Any CPU
		{71792A06-4D9C-4902-9E43-010E97BCE4F1}.Debug|Any CPU.ActiveCfg = Debug|Any CPU
		{71792A06-4D9C-4902-9E43-010E97BCE4F1}.Debug|Any CPU.Build.0 = Debug|Any CPU
		{71792A06-4D9C-4902-9E43-010E97BCE4F1}.Release|Any CPU.ActiveCfg = Release|Any CPU
		{71792A06-4D9C-4902-9E43-010E97BCE4F1}.Release|Any CPU.Build.0 = Release|Any CPU
		{DBBF92CD-B7AE-4ED5-9190-B12875089295}.Debug|Any CPU.ActiveCfg = Debug|Any CPU
		{DBBF92CD-B7AE-4ED5-9190-B12875089295}.Debug|Any CPU.Build.0 = Debug|Any CPU
		{DBBF92CD-B7AE-4ED5-9190-B12875089295}.Release|Any CPU.ActiveCfg = Release|Any CPU
		{DBBF92CD-B7AE-4ED5-9190-B12875089295}.Release|Any CPU.Build.0 = Release|Any CPU
		{50080567-568F-4B51-B069-255B6290B048}.Debug|Any CPU.ActiveCfg = Debug|Any CPU
		{50080567-568F-4B51-B069-255B6290B048}.Debug|Any CPU.Build.0 = Debug|Any CPU
		{50080567-568F-4B51-B069-255B6290B048}.Release|Any CPU.ActiveCfg = Release|Any CPU
		{50080567-568F-4B51-B069-255B6290B048}.Release|Any CPU.Build.0 = Release|Any CPU
		{FD928247-3E59-46EF-8DA4-6B462ADA3BF2}.Debug|Any CPU.ActiveCfg = Debug|Any CPU
		{FD928247-3E59-46EF-8DA4-6B462ADA3BF2}.Debug|Any CPU.Build.0 = Debug|Any CPU
		{FD928247-3E59-46EF-8DA4-6B462ADA3BF2}.Release|Any CPU.ActiveCfg = Release|Any CPU
		{FD928247-3E59-46EF-8DA4-6B462ADA3BF2}.Release|Any CPU.Build.0 = Release|Any CPU
		{9DF7BE31-ACEA-4A1D-A12E-63E9E3AAE16B}.Debug|Any CPU.ActiveCfg = Debug|Any CPU
		{9DF7BE31-ACEA-4A1D-A12E-63E9E3AAE16B}.Debug|Any CPU.Build.0 = Debug|Any CPU
		{9DF7BE31-ACEA-4A1D-A12E-63E9E3AAE16B}.Release|Any CPU.ActiveCfg = Release|Any CPU
		{9DF7BE31-ACEA-4A1D-A12E-63E9E3AAE16B}.Release|Any CPU.Build.0 = Release|Any CPU
		{4858ABFE-F962-4AA8-AC8F-54F913F8CB26}.Debug|Any CPU.ActiveCfg = Debug|Any CPU
		{4858ABFE-F962-4AA8-AC8F-54F913F8CB26}.Debug|Any CPU.Build.0 = Debug|Any CPU
		{4858ABFE-F962-4AA8-AC8F-54F913F8CB26}.Release|Any CPU.ActiveCfg = Release|Any CPU
		{4858ABFE-F962-4AA8-AC8F-54F913F8CB26}.Release|Any CPU.Build.0 = Release|Any CPU
		{DB5D795A-BA37-421D-859D-D38B904D18D0}.Debug|Any CPU.ActiveCfg = Debug|Any CPU
		{DB5D795A-BA37-421D-859D-D38B904D18D0}.Debug|Any CPU.Build.0 = Debug|Any CPU
		{DB5D795A-BA37-421D-859D-D38B904D18D0}.Release|Any CPU.ActiveCfg = Release|Any CPU
		{DB5D795A-BA37-421D-859D-D38B904D18D0}.Release|Any CPU.Build.0 = Release|Any CPU
		{3C4240F2-C9E2-4180-9BE0-8F86B8C058FE}.Debug|Any CPU.ActiveCfg = Debug|Any CPU
		{3C4240F2-C9E2-4180-9BE0-8F86B8C058FE}.Debug|Any CPU.Build.0 = Debug|Any CPU
		{3C4240F2-C9E2-4180-9BE0-8F86B8C058FE}.Release|Any CPU.ActiveCfg = Release|Any CPU
		{3C4240F2-C9E2-4180-9BE0-8F86B8C058FE}.Release|Any CPU.Build.0 = Release|Any CPU
		{703B5FD6-F826-4B23-856B-833E98F03B62}.Debug|Any CPU.ActiveCfg = Debug|Any CPU
		{703B5FD6-F826-4B23-856B-833E98F03B62}.Debug|Any CPU.Build.0 = Debug|Any CPU
		{703B5FD6-F826-4B23-856B-833E98F03B62}.Release|Any CPU.ActiveCfg = Release|Any CPU
		{703B5FD6-F826-4B23-856B-833E98F03B62}.Release|Any CPU.Build.0 = Release|Any CPU
		{58D15435-F6FF-4C9C-BFEE-59B23159E965}.Debug|Any CPU.ActiveCfg = Debug|Any CPU
		{58D15435-F6FF-4C9C-BFEE-59B23159E965}.Debug|Any CPU.Build.0 = Debug|Any CPU
		{58D15435-F6FF-4C9C-BFEE-59B23159E965}.Release|Any CPU.ActiveCfg = Release|Any CPU
		{58D15435-F6FF-4C9C-BFEE-59B23159E965}.Release|Any CPU.Build.0 = Release|Any CPU
		{AD11ED6B-D41A-4D1C-9B33-86CF9600668B}.Debug|Any CPU.ActiveCfg = Debug|Any CPU
		{AD11ED6B-D41A-4D1C-9B33-86CF9600668B}.Debug|Any CPU.Build.0 = Debug|Any CPU
		{AD11ED6B-D41A-4D1C-9B33-86CF9600668B}.Release|Any CPU.ActiveCfg = Release|Any CPU
		{AD11ED6B-D41A-4D1C-9B33-86CF9600668B}.Release|Any CPU.Build.0 = Release|Any CPU
		{88ACB7BE-5464-4EA4-8661-31EC907A351A}.Debug|Any CPU.ActiveCfg = Debug|Any CPU
		{88ACB7BE-5464-4EA4-8661-31EC907A351A}.Debug|Any CPU.Build.0 = Debug|Any CPU
		{88ACB7BE-5464-4EA4-8661-31EC907A351A}.Release|Any CPU.ActiveCfg = Release|Any CPU
		{88ACB7BE-5464-4EA4-8661-31EC907A351A}.Release|Any CPU.Build.0 = Release|Any CPU
		{7E94FB96-D241-4928-9151-C80407365C37}.Debug|Any CPU.ActiveCfg = Debug|Any CPU
		{7E94FB96-D241-4928-9151-C80407365C37}.Debug|Any CPU.Build.0 = Debug|Any CPU
		{7E94FB96-D241-4928-9151-C80407365C37}.Release|Any CPU.ActiveCfg = Release|Any CPU
		{7E94FB96-D241-4928-9151-C80407365C37}.Release|Any CPU.Build.0 = Release|Any CPU
	EndGlobalSection
EndGlobal
